
Microsoft Visual Studio Solution File, Format Version 12.00
# Visual Studio Version 17
VisualStudioVersion = 17.9.34701.34
MinimumVisualStudioVersion = 10.0.40219.1
Project("{FAE04EC0-301F-11D3-BF4B-00C04F79EFBC}") = "Package", "Package\Package.csproj", "{857056E2-163E-40DF-9F3D-B3382F91BA01}"
EndProject
Project("{2150E333-8FDC-42A3-9474-1A3956D46DE8}") = "Internal", "Internal", "{A1EC1F79-5261-4CFA-8C5A-EF1DAFA30585}"
EndProject
Project("{2150E333-8FDC-42A3-9474-1A3956D46DE8}") = "Code Analysis", "Code Analysis", "{4390E4FD-746D-4E1F-B5F3-FF7B519036F1}"
	ProjectSection(SolutionItems) = preProject
		Internal\Code Analysis\qaction-debug.ruleset = Internal\Code Analysis\qaction-debug.ruleset
		Internal\Code Analysis\qaction-release.ruleset = Internal\Code Analysis\qaction-release.ruleset
		Internal\Code Analysis\stylecop.json = Internal\Code Analysis\stylecop.json
	EndProjectSection
EndProject
Project("{FAE04EC0-301F-11D3-BF4B-00C04F79EFBC}") = "Negative number transformer", "Negative number transformer\Negative number transformer.csproj", "{0176FD67-53C8-4A59-9FAC-6E6E9675011B}"
EndProject
Global
	GlobalSection(SolutionConfigurationPlatforms) = preSolution
		Debug|Any CPU = Debug|Any CPU
		Release|Any CPU = Release|Any CPU
	EndGlobalSection
	GlobalSection(ProjectConfigurationPlatforms) = postSolution
		{857056E2-163E-40DF-9F3D-B3382F91BA01}.Debug|Any CPU.ActiveCfg = Debug|Any CPU
		{857056E2-163E-40DF-9F3D-B3382F91BA01}.Debug|Any CPU.Build.0 = Debug|Any CPU
		{857056E2-163E-40DF-9F3D-B3382F91BA01}.Release|Any CPU.ActiveCfg = Release|Any CPU
		{857056E2-163E-40DF-9F3D-B3382F91BA01}.Release|Any CPU.Build.0 = Release|Any CPU
		{0176FD67-53C8-4A59-9FAC-6E6E9675011B}.Debug|Any CPU.ActiveCfg = Debug|Any CPU
		{0176FD67-53C8-4A59-9FAC-6E6E9675011B}.Debug|Any CPU.Build.0 = Debug|Any CPU
		{0176FD67-53C8-4A59-9FAC-6E6E9675011B}.Release|Any CPU.ActiveCfg = Release|Any CPU
		{0176FD67-53C8-4A59-9FAC-6E6E9675011B}.Release|Any CPU.Build.0 = Release|Any CPU
	EndGlobalSection
	GlobalSection(SolutionProperties) = preSolution
		HideSolutionNode = FALSE
	EndGlobalSection
	GlobalSection(NestedProjects) = preSolution
		{4390E4FD-746D-4E1F-B5F3-FF7B519036F1} = {A1EC1F79-5261-4CFA-8C5A-EF1DAFA30585}
	EndGlobalSection
	GlobalSection(ExtensibilityGlobals) = postSolution
		SolutionGuid = {23E54157-DAFC-461F-9DB4-92AC9F67E954}
	EndGlobalSection
EndGlobal
